// !$*UTF8*$!
{
	archiveVersion = 1;
	classes = {
	};
	objectVersion = 46;
	objects = {

/* Begin PBXBuildFile section */
		88B32B4919CC9CB900F90313 /* Foundation.framework in Frameworks */ = {isa = PBXBuildFile; fileRef = 88B32B4819CC9CB900F90313 /* Foundation.framework */; };
		88B32B4B19CC9CB900F90313 /* CoreGraphics.framework in Frameworks */ = {isa = PBXBuildFile; fileRef = 88B32B4A19CC9CB900F90313 /* CoreGraphics.framework */; };
		88B32B4D19CC9CB900F90313 /* UIKit.framework in Frameworks */ = {isa = PBXBuildFile; fileRef = 88B32B4C19CC9CB900F90313 /* UIKit.framework */; };
		88B32B5319CC9CB900F90313 /* InfoPlist.strings in Resources */ = {isa = PBXBuildFile; fileRef = 88B32B5119CC9CB900F90313 /* InfoPlist.strings */; };
		88B32B5519CC9CB900F90313 /* main.m in Sources */ = {isa = PBXBuildFile; fileRef = 88B32B5419CC9CB900F90313 /* main.m */; };
		88B32B5919CC9CB900F90313 /* AppDelegate.m in Sources */ = {isa = PBXBuildFile; fileRef = 88B32B5819CC9CB900F90313 /* AppDelegate.m */; };
		88B32B5C19CC9CB900F90313 /* Main.storyboard in Resources */ = {isa = PBXBuildFile; fileRef = 88B32B5A19CC9CB900F90313 /* Main.storyboard */; };
		88B32B5F19CC9CB900F90313 /* ViewController.m in Sources */ = {isa = PBXBuildFile; fileRef = 88B32B5E19CC9CB900F90313 /* ViewController.m */; };
		88B32B6119CC9CB900F90313 /* Images.xcassets in Resources */ = {isa = PBXBuildFile; fileRef = 88B32B6019CC9CB900F90313 /* Images.xcassets */; };
		88B32B6819CC9CB900F90313 /* XCTest.framework in Frameworks */ = {isa = PBXBuildFile; fileRef = 88B32B6719CC9CB900F90313 /* XCTest.framework */; };
		88B32B6919CC9CB900F90313 /* Foundation.framework in Frameworks */ = {isa = PBXBuildFile; fileRef = 88B32B4819CC9CB900F90313 /* Foundation.framework */; };
		88B32B6A19CC9CB900F90313 /* UIKit.framework in Frameworks */ = {isa = PBXBuildFile; fileRef = 88B32B4C19CC9CB900F90313 /* UIKit.framework */; };
		88B32B7219CC9CB900F90313 /* InfoPlist.strings in Resources */ = {isa = PBXBuildFile; fileRef = 88B32B7019CC9CB900F90313 /* InfoPlist.strings */; };
		88B32B7419CC9CB900F90313 /* eventAssignmentTests.m in Sources */ = {isa = PBXBuildFile; fileRef = 88B32B7319CC9CB900F90313 /* eventAssignmentTests.m */; };
		88B32B7F19CCA14700F90313 /* EventKit.framework in Frameworks */ = {isa = PBXBuildFile; fileRef = 88B32B7D19CCA14700F90313 /* EventKit.framework */; };
		88B32B8019CCA14700F90313 /* EventKitUI.framework in Frameworks */ = {isa = PBXBuildFile; fileRef = 88B32B7E19CCA14700F90313 /* EventKitUI.framework */; };
/* End PBXBuildFile section */

/* Begin PBXContainerItemProxy section */
		88B32B6B19CC9CB900F90313 /* PBXContainerItemProxy */ = {
			isa = PBXContainerItemProxy;
			containerPortal = 88B32B3D19CC9CB900F90313 /* Project object */;
			proxyType = 1;
			remoteGlobalIDString = 88B32B4419CC9CB900F90313;
			remoteInfo = eventAssignment;
		};
/* End PBXContainerItemProxy section */

/* Begin PBXFileReference section */
		88B32B4519CC9CB900F90313 /* eventAssignment.app */ = {isa = PBXFileReference; explicitFileType = wrapper.application; includeInIndex = 0; path = eventAssignment.app; sourceTree = BUILT_PRODUCTS_DIR; };
		88B32B4819CC9CB900F90313 /* Foundation.framework */ = {isa = PBXFileReference; lastKnownFileType = wrapper.framework; name = Foundation.framework; path = System/Library/Frameworks/Foundation.framework; sourceTree = SDKROOT; };
		88B32B4A19CC9CB900F90313 /* CoreGraphics.framework */ = {isa = PBXFileReference; lastKnownFileType = wrapper.framework; name = CoreGraphics.framework; path = System/Library/Frameworks/CoreGraphics.framework; sourceTree = SDKROOT; };
		88B32B4C19CC9CB900F90313 /* UIKit.framework */ = {isa = PBXFileReference; lastKnownFileType = wrapper.framework; name = UIKit.framework; path = System/Library/Frameworks/UIKit.framework; sourceTree = SDKROOT; };
		88B32B5019CC9CB900F90313 /* eventAssignment-Info.plist */ = {isa = PBXFileReference; lastKnownFileType = text.plist.xml; path = "eventAssignment-Info.plist"; sourceTree = "<group>"; };
		88B32B5219CC9CB900F90313 /* en */ = {isa = PBXFileReference; lastKnownFileType = text.plist.strings; name = en; path = en.lproj/InfoPlist.strings; sourceTree = "<group>"; };
		88B32B5419CC9CB900F90313 /* main.m */ = {isa = PBXFileReference; lastKnownFileType = sourcecode.c.objc; path = main.m; sourceTree = "<group>"; };
		88B32B5619CC9CB900F90313 /* eventAssignment-Prefix.pch */ = {isa = PBXFileReference; lastKnownFileType = sourcecode.c.h; path = "eventAssignment-Prefix.pch"; sourceTree = "<group>"; };
		88B32B5719CC9CB900F90313 /* AppDelegate.h */ = {isa = PBXFileReference; lastKnownFileType = sourcecode.c.h; path = AppDelegate.h; sourceTree = "<group>"; };
		88B32B5819CC9CB900F90313 /* AppDelegate.m */ = {isa = PBXFileReference; lastKnownFileType = sourcecode.c.objc; path = AppDelegate.m; sourceTree = "<group>"; };
		88B32B5B19CC9CB900F90313 /* Base */ = {isa = PBXFileReference; lastKnownFileType = file.storyboard; name = Base; path = Base.lproj/Main.storyboard; sourceTree = "<group>"; };
		88B32B5D19CC9CB900F90313 /* ViewController.h */ = {isa = PBXFileReference; lastKnownFileType = sourcecode.c.h; path = ViewController.h; sourceTree = "<group>"; };
		88B32B5E19CC9CB900F90313 /* ViewController.m */ = {isa = PBXFileReference; lastKnownFileType = sourcecode.c.objc; path = ViewController.m; sourceTree = "<group>"; };
		88B32B6019CC9CB900F90313 /* Images.xcassets */ = {isa = PBXFileReference; lastKnownFileType = folder.assetcatalog; path = Images.xcassets; sourceTree = "<group>"; };
		88B32B6619CC9CB900F90313 /* eventAssignmentTests.xctest */ = {isa = PBXFileReference; explicitFileType = wrapper.cfbundle; includeInIndex = 0; path = eventAssignmentTests.xctest; sourceTree = BUILT_PRODUCTS_DIR; };
		88B32B6719CC9CB900F90313 /* XCTest.framework */ = {isa = PBXFileReference; lastKnownFileType = wrapper.framework; name = XCTest.framework; path = Library/Frameworks/XCTest.framework; sourceTree = DEVELOPER_DIR; };
		88B32B6F19CC9CB900F90313 /* eventAssignmentTests-Info.plist */ = {isa = PBXFileReference; lastKnownFileType = text.plist.xml; path = "eventAssignmentTests-Info.plist"; sourceTree = "<group>"; };
		88B32B7119CC9CB900F90313 /* en */ = {isa = PBXFileReference; lastKnownFileType = text.plist.strings; name = en; path = en.lproj/InfoPlist.strings; sourceTree = "<group>"; };
		88B32B7319CC9CB900F90313 /* eventAssignmentTests.m */ = {isa = PBXFileReference; lastKnownFileType = sourcecode.c.objc; path = eventAssignmentTests.m; sourceTree = "<group>"; };
		88B32B7D19CCA14700F90313 /* EventKit.framework */ = {isa = PBXFileReference; lastKnownFileType = wrapper.framework; name = EventKit.framework; path = System/Library/Frameworks/EventKit.framework; sourceTree = SDKROOT; };
		88B32B7E19CCA14700F90313 /* EventKitUI.framework */ = {isa = PBXFileReference; lastKnownFileType = wrapper.framework; name = EventKitUI.framework; path = System/Library/Frameworks/EventKitUI.framework; sourceTree = SDKROOT; };
/* End PBXFileReference section */

/* Begin PBXFrameworksBuildPhase section */
		88B32B4219CC9CB900F90313 /* Frameworks */ = {
			isa = PBXFrameworksBuildPhase;
			buildActionMask = 2147483647;
			files = (
				88B32B7F19CCA14700F90313 /* EventKit.framework in Frameworks */,
				88B32B8019CCA14700F90313 /* EventKitUI.framework in Frameworks */,
				88B32B4B19CC9CB900F90313 /* CoreGraphics.framework in Frameworks */,
				88B32B4D19CC9CB900F90313 /* UIKit.framework in Frameworks */,
				88B32B4919CC9CB900F90313 /* Foundation.framework in Frameworks */,
			);
			runOnlyForDeploymentPostprocessing = 0;
		};
		88B32B6319CC9CB900F90313 /* Frameworks */ = {
			isa = PBXFrameworksBuildPhase;
			buildActionMask = 2147483647;
			files = (
				88B32B6819CC9CB900F90313 /* XCTest.framework in Frameworks */,
				88B32B6A19CC9CB900F90313 /* UIKit.framework in Frameworks */,
				88B32B6919CC9CB900F90313 /* Foundation.framework in Frameworks */,
			);
			runOnlyForDeploymentPostprocessing = 0;
		};
/* End PBXFrameworksBuildPhase section */

/* Begin PBXGroup section */
		88B32B3C19CC9CB900F90313 = {
			isa = PBXGroup;
			children = (
				88B32B4E19CC9CB900F90313 /* eventAssignment */,
				88B32B6D19CC9CB900F90313 /* eventAssignmentTests */,
				88B32B4719CC9CB900F90313 /* Frameworks */,
				88B32B4619CC9CB900F90313 /* Products */,
			);
			sourceTree = "<group>";
		};
		88B32B4619CC9CB900F90313 /* Products */ = {
			isa = PBXGroup;
			children = (
				88B32B4519CC9CB900F90313 /* eventAssignment.app */,
				88B32B6619CC9CB900F90313 /* eventAssignmentTests.xctest */,
			);
			name = Products;
			sourceTree = "<group>";
		};
		88B32B4719CC9CB900F90313 /* Frameworks */ = {
			isa = PBXGroup;
			children = (
				88B32B7D19CCA14700F90313 /* EventKit.framework */,
				88B32B7E19CCA14700F90313 /* EventKitUI.framework */,
				88B32B4819CC9CB900F90313 /* Foundation.framework */,
				88B32B4A19CC9CB900F90313 /* CoreGraphics.framework */,
				88B32B4C19CC9CB900F90313 /* UIKit.framework */,
				88B32B6719CC9CB900F90313 /* XCTest.framework */,
			);
			name = Frameworks;
			sourceTree = "<group>";
		};
		88B32B4E19CC9CB900F90313 /* eventAssignment */ = {
			isa = PBXGroup;
			children = (
				88B32B5719CC9CB900F90313 /* AppDelegate.h */,
				88B32B5819CC9CB900F90313 /* AppDelegate.m */,
				88B32B5A19CC9CB900F90313 /* Main.storyboard */,
				88B32B5D19CC9CB900F90313 /* ViewController.h */,
				88B32B5E19CC9CB900F90313 /* ViewController.m */,
				88B32B6019CC9CB900F90313 /* Images.xcassets */,
				88B32B4F19CC9CB900F90313 /* Supporting Files */,
			);
			path = eventAssignment;
			sourceTree = "<group>";
		};
		88B32B4F19CC9CB900F90313 /* Supporting Files */ = {
			isa = PBXGroup;
			children = (
				88B32B5019CC9CB900F90313 /* eventAssignment-Info.plist */,
				88B32B5119CC9CB900F90313 /* InfoPlist.strings */,
				88B32B5419CC9CB900F90313 /* main.m */,
				88B32B5619CC9CB900F90313 /* eventAssignment-Prefix.pch */,
			);
			name = "Supporting Files";
			sourceTree = "<group>";
		};
		88B32B6D19CC9CB900F90313 /* eventAssignmentTests */ = {
			isa = PBXGroup;
			children = (
				88B32B7319CC9CB900F90313 /* eventAssignmentTests.m */,
				88B32B6E19CC9CB900F90313 /* Supporting Files */,
			);
			path = eventAssignmentTests;
			sourceTree = "<group>";
		};
		88B32B6E19CC9CB900F90313 /* Supporting Files */ = {
			isa = PBXGroup;
			children = (
				88B32B6F19CC9CB900F90313 /* eventAssignmentTests-Info.plist */,
				88B32B7019CC9CB900F90313 /* InfoPlist.strings */,
			);
			name = "Supporting Files";
			sourceTree = "<group>";
		};
/* End PBXGroup section */

/* Begin PBXNativeTarget section */
		88B32B4419CC9CB900F90313 /* eventAssignment */ = {
			isa = PBXNativeTarget;
			buildConfigurationList = 88B32B7719CC9CB900F90313 /* Build configuration list for PBXNativeTarget "eventAssignment" */;
			buildPhases = (
				88B32B4119CC9CB900F90313 /* Sources */,
				88B32B4219CC9CB900F90313 /* Frameworks */,
				88B32B4319CC9CB900F90313 /* Resources */,
			);
			buildRules = (
			);
			dependencies = (
			);
			name = eventAssignment;
			productName = eventAssignment;
			productReference = 88B32B4519CC9CB900F90313 /* eventAssignment.app */;
			productType = "com.apple.product-type.application";
		};
		88B32B6519CC9CB900F90313 /* eventAssignmentTests */ = {
			isa = PBXNativeTarget;
			buildConfigurationList = 88B32B7A19CC9CB900F90313 /* Build configuration list for PBXNativeTarget "eventAssignmentTests" */;
			buildPhases = (
				88B32B6219CC9CB900F90313 /* Sources */,
				88B32B6319CC9CB900F90313 /* Frameworks */,
				88B32B6419CC9CB900F90313 /* Resources */,
			);
			buildRules = (
			);
			dependencies = (
				88B32B6C19CC9CB900F90313 /* PBXTargetDependency */,
			);
			name = eventAssignmentTests;
			productName = eventAssignmentTests;
			productReference = 88B32B6619CC9CB900F90313 /* eventAssignmentTests.xctest */;
			productType = "com.apple.product-type.bundle.unit-test";
		};
/* End PBXNativeTarget section */

/* Begin PBXProject section */
		88B32B3D19CC9CB900F90313 /* Project object */ = {
			isa = PBXProject;
			attributes = {
				LastUpgradeCheck = 0510;
				ORGANIZATIONNAME = "Jordan Weaver";
				TargetAttributes = {
					88B32B6519CC9CB900F90313 = {
						TestTargetID = 88B32B4419CC9CB900F90313;
					};
				};
			};
			buildConfigurationList = 88B32B4019CC9CB900F90313 /* Build configuration list for PBXProject "eventAssignment" */;
			compatibilityVersion = "Xcode 3.2";
			developmentRegion = English;
			hasScannedForEncodings = 0;
			knownRegions = (
				en,
				Base,
			);
			mainGroup = 88B32B3C19CC9CB900F90313;
			productRefGroup = 88B32B4619CC9CB900F90313 /* Products */;
			projectDirPath = "";
			projectRoot = "";
			targets = (
				88B32B4419CC9CB900F90313 /* eventAssignment */,
				88B32B6519CC9CB900F90313 /* eventAssignmentTests */,
			);
		};
/* End PBXProject section */

/* Begin PBXResourcesBuildPhase section */
		88B32B4319CC9CB900F90313 /* Resources */ = {
			isa = PBXResourcesBuildPhase;
			buildActionMask = 2147483647;
			files = (
				88B32B6119CC9CB900F90313 /* Images.xcassets in Resources */,
				88B32B5319CC9CB900F90313 /* InfoPlist.strings in Resources */,
				88B32B5C19CC9CB900F90313 /* Main.storyboard in Resources */,
			);
			runOnlyForDeploymentPostprocessing = 0;
		};
		88B32B6419CC9CB900F90313 /* Resources */ = {
			isa = PBXResourcesBuildPhase;
			buildActionMask = 2147483647;
			files = (
				88B32B7219CC9CB900F90313 /* InfoPlist.strings in Resources */,
			);
			runOnlyForDeploymentPostprocessing = 0;
		};
/* End PBXResourcesBuildPhase section */

/* Begin PBXSourcesBuildPhase section */
		88B32B4119CC9CB900F90313 /* Sources */ = {
			isa = PBXSourcesBuildPhase;
			buildActionMask = 2147483647;
			files = (
				88B32B5F19CC9CB900F90313 /* ViewController.m in Sources */,
				88B32B5919CC9CB900F90313 /* AppDelegate.m in Sources */,
				88B32B5519CC9CB900F90313 /* main.m in Sources */,
			);
			runOnlyForDeploymentPostprocessing = 0;
		};
		88B32B6219CC9CB900F90313 /* Sources */ = {
			isa = PBXSourcesBuildPhase;
			buildActionMask = 2147483647;
			files = (
				88B32B7419CC9CB900F90313 /* eventAssignmentTests.m in Sources */,
			);
			runOnlyForDeploymentPostprocessing = 0;
		};
/* End PBXSourcesBuildPhase section */

/* Begin PBXTargetDependency section */
		88B32B6C19CC9CB900F90313 /* PBXTargetDependency */ = {
			isa = PBXTargetDependency;
			target = 88B32B4419CC9CB900F90313 /* eventAssignment */;
			targetProxy = 88B32B6B19CC9CB900F90313 /* PBXContainerItemProxy */;
		};
/* End PBXTargetDependency section */

/* Begin PBXVariantGroup section */
		88B32B5119CC9CB900F90313 /* InfoPlist.strings */ = {
			isa = PBXVariantGroup;
			children = (
				88B32B5219CC9CB900F90313 /* en */,
			);
			name = InfoPlist.strings;
			sourceTree = "<group>";
		};
		88B32B5A19CC9CB900F90313 /* Main.storyboard */ = {
			isa = PBXVariantGroup;
			children = (
				88B32B5B19CC9CB900F90313 /* Base */,
			);
			name = Main.storyboard;
			sourceTree = "<group>";
		};
		88B32B7019CC9CB900F90313 /* InfoPlist.strings */ = {
			isa = PBXVariantGroup;
			children = (
				88B32B7119CC9CB900F90313 /* en */,
			);
			name = InfoPlist.strings;
			sourceTree = "<group>";
		};
/* End PBXVariantGroup section */

/* Begin XCBuildConfiguration section */
		88B32B7519CC9CB900F90313 /* Debug */ = {
			isa = XCBuildConfiguration;
			buildSettings = {
				ALWAYS_SEARCH_USER_PATHS = NO;
				CLANG_CXX_LANGUAGE_STANDARD = "gnu++0x";
				CLANG_CXX_LIBRARY = "libc++";
				CLANG_ENABLE_MODULES = YES;
				CLANG_ENABLE_OBJC_ARC = YES;
				CLANG_WARN_BOOL_CONVERSION = YES;
				CLANG_WARN_CONSTANT_CONVERSION = YES;
				CLANG_WARN_DIRECT_OBJC_ISA_USAGE = YES_ERROR;
				CLANG_WARN_EMPTY_BODY = YES;
				CLANG_WARN_ENUM_CONVERSION = YES;
				CLANG_WARN_INT_CONVERSION = YES;
				CLANG_WARN_OBJC_ROOT_CLASS = YES_ERROR;
				CLANG_WARN__DUPLICATE_METHOD_MATCH = YES;
				"CODE_SIGN_IDENTITY[sdk=iphoneos*]" = "iPhone Developer";
				COPY_PHASE_STRIP = NO;
				GCC_C_LANGUAGE_STANDARD = gnu99;
				GCC_DYNAMIC_NO_PIC = NO;
				GCC_OPTIMIZATION_LEVEL = 0;
				GCC_PREPROCESSOR_DEFINITIONS = (
					"DEBUG=1",
					"$(inherited)",
				);
				GCC_SYMBOLS_PRIVATE_EXTERN = NO;
				GCC_WARN_64_TO_32_BIT_CONVERSION = YES;
				GCC_WARN_ABOUT_RETURN_TYPE = YES_ERROR;
				GCC_WARN_UNDECLARED_SELECTOR = YES;
				GCC_WARN_UNINITIALIZED_AUTOS = YES_AGGRESSIVE;
				GCC_WARN_UNUSED_FUNCTION = YES;
				GCC_WARN_UNUSED_VARIABLE = YES;
				IPHONEOS_DEPLOYMENT_TARGET = 7.1;
				ONLY_ACTIVE_ARCH = YES;
				SDKROOT = iphoneos;
			};
			name = Debug;
		};
		88B32B7619CC9CB900F90313 /* Release */ = {
			isa = XCBuildConfiguration;
			buildSettings = {
				ALWAYS_SEARCH_USER_PATHS = NO;
				CLANG_CXX_LANGUAGE_STANDARD = "gnu++0x";
				CLANG_CXX_LIBRARY = "libc++";
				CLANG_ENABLE_MODULES = YES;
				CLANG_ENABLE_OBJC_ARC = YES;
				CLANG_WARN_BOOL_CONVERSION = YES;
				CLANG_WARN_CONSTANT_CONVERSION = YES;
				CLANG_WARN_DIRECT_OBJC_ISA_USAGE = YES_ERROR;
				CLANG_WARN_EMPTY_BODY = YES;
				CLANG_WARN_ENUM_CONVERSION = YES;
				CLANG_WARN_INT_CONVERSION = YES;
				CLANG_WARN_OBJC_ROOT_CLASS = YES_ERROR;
				CLANG_WARN__DUPLICATE_METHOD_MATCH = YES;
				"CODE_SIGN_IDENTITY[sdk=iphoneos*]" = "iPhone Developer";
				COPY_PHASE_STRIP = YES;
				ENABLE_NS_ASSERTIONS = NO;
				GCC_C_LANGUAGE_STANDARD = gnu99;
				GCC_WARN_64_TO_32_BIT_CONVERSION = YES;
				GCC_WARN_ABOUT_RETURN_TYPE = YES_ERROR;
				GCC_WARN_UNDECLARED_SELECTOR = YES;
				GCC_WARN_UNINITIALIZED_AUTOS = YES_AGGRESSIVE;
				GCC_WARN_UNUSED_FUNCTION = YES;
				GCC_WARN_UNUSED_VARIABLE = YES;
				IPHONEOS_DEPLOYMENT_TARGET = 7.1;
				SDKROOT = iphoneos;
				VALIDATE_PRODUCT = YES;
			};
			name = Release;
		};
		88B32B7819CC9CB900F90313 /* Debug */ = {
			isa = XCBuildConfiguration;
			buildSettings = {
				ASSETCATALOG_COMPILER_APPICON_NAME = AppIcon;
				ASSETCATALOG_COMPILER_LAUNCHIMAGE_NAME = LaunchImage;
				GCC_PRECOMPILE_PREFIX_HEADER = YES;
				GCC_PREFIX_HEADER = "eventAssignment/eventAssignment-Prefix.pch";
				INFOPLIST_FILE = "eventAssignment/eventAssignment-Info.plist";
				PRODUCT_NAME = "$(TARGET_NAME)";
				WRAPPER_EXTENSION = app;
			};
			name = Debug;
		};
		88B32B7919CC9CB900F90313 /* Release */ = {
			isa = XCBuildConfiguration;
			buildSettings = {
				ASSETCATALOG_COMPILER_APPICON_NAME = AppIcon;
				ASSETCATALOG_COMPILER_LAUNCHIMAGE_NAME = LaunchImage;
				GCC_PRECOMPILE_PREFIX_HEADER = YES;
				GCC_PREFIX_HEADER = "eventAssignment/eventAssignment-Prefix.pch";
				INFOPLIST_FILE = "eventAssignment/eventAssignment-Info.plist";
				PRODUCT_NAME = "$(TARGET_NAME)";
				WRAPPER_EXTENSION = app;
			};
			name = Release;
		};
		88B32B7B19CC9CB900F90313 /* Debug */ = {
			isa = XCBuildConfiguration;
			buildSettings = {
				BUNDLE_LOADER = "$(BUILT_PRODUCTS_DIR)/eventAssignment.app/eventAssignment";
				FRAMEWORK_SEARCH_PATHS = (
					"$(SDKROOT)/Developer/Library/Frameworks",
					"$(inherited)",
					"$(DEVELOPER_FRAMEWORKS_DIR)",
				);
				GCC_PRECOMPILE_PREFIX_HEADER = YES;
				GCC_PREFIX_HEADER = "eventAssignment/eventAssignment-Prefix.pch";
				GCC_PREPROCESSOR_DEFINITIONS = (
					"DEBUG=1",
					"$(inherited)",
				);
				INFOPLIST_FILE = "eventAssignmentTests/eventAssignmentTests-Info.plist";
				PRODUCT_NAME = "$(TARGET_NAME)";
				TEST_HOST = "$(BUNDLE_LOADER)";
				WRAPPER_EXTENSION = xctest;
			};
			name = Debug;
		};
		88B32B7C19CC9CB900F90313 /* Release */ = {
			isa = XCBuildConfiguration;
			buildSettings = {
				BUNDLE_LOADER = "$(BUILT_PRODUCTS_DIR)/eventAssignment.app/eventAssignment";
				FRAMEWORK_SEARCH_PATHS = (
					"$(SDKROOT)/Developer/Library/Frameworks",
					"$(inherited)",
					"$(DEVELOPER_FRAMEWORKS_DIR)",
				);
				GCC_PRECOMPILE_PREFIX_HEADER = YES;
				GCC_PREFIX_HEADER = "eventAssignment/eventAssignment-Prefix.pch";
				INFOPLIST_FILE = "eventAssignmentTests/eventAssignmentTests-Info.plist";
				PRODUCT_NAME = "$(TARGET_NAME)";
				TEST_HOST = "$(BUNDLE_LOADER)";
				WRAPPER_EXTENSION = xctest;
			};
			name = Release;
		};
/* End XCBuildConfiguration section */

/* Begin XCConfigurationList section */
		88B32B4019CC9CB900F90313 /* Build configuration list for PBXProject "eventAssignment" */ = {
			isa = XCConfigurationList;
			buildConfigurations = (
				88B32B7519CC9CB900F90313 /* Debug */,
				88B32B7619CC9CB900F90313 /* Release */,
			);
			defaultConfigurationIsVisible = 0;
			defaultConfigurationName = Release;
		};
		88B32B7719CC9CB900F90313 /* Build configuration list for PBXNativeTarget "eventAssignment" */ = {
			isa = XCConfigurationList;
			buildConfigurations = (
				88B32B7819CC9CB900F90313 /* Debug */,
				88B32B7919CC9CB900F90313 /* Release */,
			);
			defaultConfigurationIsVisible = 0;
		};
		88B32B7A19CC9CB900F90313 /* Build configuration list for PBXNativeTarget "eventAssignmentTests" */ = {
			isa = XCConfigurationList;
			buildConfigurations = (
				88B32B7B19CC9CB900F90313 /* Debug */,
				88B32B7C19CC9CB900F90313 /* Release */,
			);
			defaultConfigurationIsVisible = 0;
		};
/* End XCConfigurationList section */
	};
	rootObject = 88B32B3D19CC9CB900F90313 /* Project object */;
}
