// !$*UTF8*$!
{
	archiveVersion = 1;
	classes = {
	};
	objectVersion = 46;
	objects = {

/* Begin PBXBuildFile section */
		88AAD51A19D095A900C6F764 /* Foundation.framework in Frameworks */ = {isa = PBXBuildFile; fileRef = 88AAD51919D095A900C6F764 /* Foundation.framework */; };
		88AAD51C19D095A900C6F764 /* CoreGraphics.framework in Frameworks */ = {isa = PBXBuildFile; fileRef = 88AAD51B19D095A900C6F764 /* CoreGraphics.framework */; };
		88AAD51E19D095A900C6F764 /* UIKit.framework in Frameworks */ = {isa = PBXBuildFile; fileRef = 88AAD51D19D095A900C6F764 /* UIKit.framework */; };
		88AAD52419D095A900C6F764 /* InfoPlist.strings in Resources */ = {isa = PBXBuildFile; fileRef = 88AAD52219D095A900C6F764 /* InfoPlist.strings */; };
		88AAD52619D095A900C6F764 /* main.m in Sources */ = {isa = PBXBuildFile; fileRef = 88AAD52519D095A900C6F764 /* main.m */; };
		88AAD52A19D095A900C6F764 /* AppDelegate.m in Sources */ = {isa = PBXBuildFile; fileRef = 88AAD52919D095A900C6F764 /* AppDelegate.m */; };
		88AAD52D19D095A900C6F764 /* Main.storyboard in Resources */ = {isa = PBXBuildFile; fileRef = 88AAD52B19D095A900C6F764 /* Main.storyboard */; };
		88AAD53019D095A900C6F764 /* FirstViewController.m in Sources */ = {isa = PBXBuildFile; fileRef = 88AAD52F19D095A900C6F764 /* FirstViewController.m */; };
		88AAD53319D095A900C6F764 /* SecondViewController.m in Sources */ = {isa = PBXBuildFile; fileRef = 88AAD53219D095A900C6F764 /* SecondViewController.m */; };
		88AAD53519D095A900C6F764 /* Images.xcassets in Resources */ = {isa = PBXBuildFile; fileRef = 88AAD53419D095A900C6F764 /* Images.xcassets */; };
		88AAD53C19D095A900C6F764 /* XCTest.framework in Frameworks */ = {isa = PBXBuildFile; fileRef = 88AAD53B19D095A900C6F764 /* XCTest.framework */; };
		88AAD53D19D095A900C6F764 /* Foundation.framework in Frameworks */ = {isa = PBXBuildFile; fileRef = 88AAD51919D095A900C6F764 /* Foundation.framework */; };
		88AAD53E19D095A900C6F764 /* UIKit.framework in Frameworks */ = {isa = PBXBuildFile; fileRef = 88AAD51D19D095A900C6F764 /* UIKit.framework */; };
		88AAD54619D095A900C6F764 /* InfoPlist.strings in Resources */ = {isa = PBXBuildFile; fileRef = 88AAD54419D095A900C6F764 /* InfoPlist.strings */; };
		88AAD54819D095A900C6F764 /* webAssignmentTests.m in Sources */ = {isa = PBXBuildFile; fileRef = 88AAD54719D095A900C6F764 /* webAssignmentTests.m */; };
		88AAD55419D09E4D00C6F764 /* nfl-logo.png in Resources */ = {isa = PBXBuildFile; fileRef = 88AAD55319D09E4D00C6F764 /* nfl-logo.png */; };
		88AAD55B19D0A61F00C6F764 /* TableViewCell.m in Sources */ = {isa = PBXBuildFile; fileRef = 88AAD55919D0A61F00C6F764 /* TableViewCell.m */; };
		88AAD55C19D0A61F00C6F764 /* TableViewCell.xib in Resources */ = {isa = PBXBuildFile; fileRef = 88AAD55A19D0A61F00C6F764 /* TableViewCell.xib */; };
		88AAD55F19D0B43200C6F764 /* ThirdViewController.m in Sources */ = {isa = PBXBuildFile; fileRef = 88AAD55E19D0B43200C6F764 /* ThirdViewController.m */; };
		88AAD56319D0BEC500C6F764 /* reddit2.png in Resources */ = {isa = PBXBuildFile; fileRef = 88AAD56219D0BEC500C6F764 /* reddit2.png */; };
/* End PBXBuildFile section */

/* Begin PBXContainerItemProxy section */
		88AAD53F19D095A900C6F764 /* PBXContainerItemProxy */ = {
			isa = PBXContainerItemProxy;
			containerPortal = 88AAD50E19D095A800C6F764 /* Project object */;
			proxyType = 1;
			remoteGlobalIDString = 88AAD51519D095A800C6F764;
			remoteInfo = webAssignment;
		};
/* End PBXContainerItemProxy section */

/* Begin PBXFileReference section */
		88AAD51619D095A900C6F764 /* webAssignment.app */ = {isa = PBXFileReference; explicitFileType = wrapper.application; includeInIndex = 0; path = webAssignment.app; sourceTree = BUILT_PRODUCTS_DIR; };
		88AAD51919D095A900C6F764 /* Foundation.framework */ = {isa = PBXFileReference; lastKnownFileType = wrapper.framework; name = Foundation.framework; path = System/Library/Frameworks/Foundation.framework; sourceTree = SDKROOT; };
		88AAD51B19D095A900C6F764 /* CoreGraphics.framework */ = {isa = PBXFileReference; lastKnownFileType = wrapper.framework; name = CoreGraphics.framework; path = System/Library/Frameworks/CoreGraphics.framework; sourceTree = SDKROOT; };
		88AAD51D19D095A900C6F764 /* UIKit.framework */ = {isa = PBXFileReference; lastKnownFileType = wrapper.framework; name = UIKit.framework; path = System/Library/Frameworks/UIKit.framework; sourceTree = SDKROOT; };
		88AAD52119D095A900C6F764 /* webAssignment-Info.plist */ = {isa = PBXFileReference; lastKnownFileType = text.plist.xml; path = "webAssignment-Info.plist"; sourceTree = "<group>"; };
		88AAD52319D095A900C6F764 /* en */ = {isa = PBXFileReference; lastKnownFileType = text.plist.strings; name = en; path = en.lproj/InfoPlist.strings; sourceTree = "<group>"; };
		88AAD52519D095A900C6F764 /* main.m */ = {isa = PBXFileReference; lastKnownFileType = sourcecode.c.objc; path = main.m; sourceTree = "<group>"; };
		88AAD52719D095A900C6F764 /* webAssignment-Prefix.pch */ = {isa = PBXFileReference; lastKnownFileType = sourcecode.c.h; path = "webAssignment-Prefix.pch"; sourceTree = "<group>"; };
		88AAD52819D095A900C6F764 /* AppDelegate.h */ = {isa = PBXFileReference; lastKnownFileType = sourcecode.c.h; path = AppDelegate.h; sourceTree = "<group>"; };
		88AAD52919D095A900C6F764 /* AppDelegate.m */ = {isa = PBXFileReference; lastKnownFileType = sourcecode.c.objc; path = AppDelegate.m; sourceTree = "<group>"; };
		88AAD52C19D095A900C6F764 /* Base */ = {isa = PBXFileReference; lastKnownFileType = file.storyboard; name = Base; path = Base.lproj/Main.storyboard; sourceTree = "<group>"; };
		88AAD52E19D095A900C6F764 /* FirstViewController.h */ = {isa = PBXFileReference; lastKnownFileType = sourcecode.c.h; path = FirstViewController.h; sourceTree = "<group>"; };
		88AAD52F19D095A900C6F764 /* FirstViewController.m */ = {isa = PBXFileReference; lastKnownFileType = sourcecode.c.objc; path = FirstViewController.m; sourceTree = "<group>"; };
		88AAD53119D095A900C6F764 /* SecondViewController.h */ = {isa = PBXFileReference; lastKnownFileType = sourcecode.c.h; path = SecondViewController.h; sourceTree = "<group>"; };
		88AAD53219D095A900C6F764 /* SecondViewController.m */ = {isa = PBXFileReference; lastKnownFileType = sourcecode.c.objc; path = SecondViewController.m; sourceTree = "<group>"; };
		88AAD53419D095A900C6F764 /* Images.xcassets */ = {isa = PBXFileReference; lastKnownFileType = folder.assetcatalog; path = Images.xcassets; sourceTree = "<group>"; };
		88AAD53A19D095A900C6F764 /* webAssignmentTests.xctest */ = {isa = PBXFileReference; explicitFileType = wrapper.cfbundle; includeInIndex = 0; path = webAssignmentTests.xctest; sourceTree = BUILT_PRODUCTS_DIR; };
		88AAD53B19D095A900C6F764 /* XCTest.framework */ = {isa = PBXFileReference; lastKnownFileType = wrapper.framework; name = XCTest.framework; path = Library/Frameworks/XCTest.framework; sourceTree = DEVELOPER_DIR; };
		88AAD54319D095A900C6F764 /* webAssignmentTests-Info.plist */ = {isa = PBXFileReference; lastKnownFileType = text.plist.xml; path = "webAssignmentTests-Info.plist"; sourceTree = "<group>"; };
		88AAD54519D095A900C6F764 /* en */ = {isa = PBXFileReference; lastKnownFileType = text.plist.strings; name = en; path = en.lproj/InfoPlist.strings; sourceTree = "<group>"; };
		88AAD54719D095A900C6F764 /* webAssignmentTests.m */ = {isa = PBXFileReference; lastKnownFileType = sourcecode.c.objc; path = webAssignmentTests.m; sourceTree = "<group>"; };
		88AAD55319D09E4D00C6F764 /* nfl-logo.png */ = {isa = PBXFileReference; lastKnownFileType = image.png; path = "nfl-logo.png"; sourceTree = "<group>"; };
		88AAD55819D0A61F00C6F764 /* TableViewCell.h */ = {isa = PBXFileReference; fileEncoding = 4; lastKnownFileType = sourcecode.c.h; path = TableViewCell.h; sourceTree = "<group>"; };
		88AAD55919D0A61F00C6F764 /* TableViewCell.m */ = {isa = PBXFileReference; fileEncoding = 4; lastKnownFileType = sourcecode.c.objc; path = TableViewCell.m; sourceTree = "<group>"; };
		88AAD55A19D0A61F00C6F764 /* TableViewCell.xib */ = {isa = PBXFileReference; fileEncoding = 4; lastKnownFileType = file.xib; path = TableViewCell.xib; sourceTree = "<group>"; };
		88AAD55D19D0B43200C6F764 /* ThirdViewController.h */ = {isa = PBXFileReference; fileEncoding = 4; lastKnownFileType = sourcecode.c.h; path = ThirdViewController.h; sourceTree = "<group>"; };
		88AAD55E19D0B43200C6F764 /* ThirdViewController.m */ = {isa = PBXFileReference; fileEncoding = 4; lastKnownFileType = sourcecode.c.objc; path = ThirdViewController.m; sourceTree = "<group>"; };
		88AAD56219D0BEC500C6F764 /* reddit2.png */ = {isa = PBXFileReference; lastKnownFileType = image.png; name = reddit2.png; path = webAssignment/reddit2.png; sourceTree = "<group>"; };
/* End PBXFileReference section */

/* Begin PBXFrameworksBuildPhase section */
		88AAD51319D095A800C6F764 /* Frameworks */ = {
			isa = PBXFrameworksBuildPhase;
			buildActionMask = 2147483647;
			files = (
				88AAD51C19D095A900C6F764 /* CoreGraphics.framework in Frameworks */,
				88AAD51E19D095A900C6F764 /* UIKit.framework in Frameworks */,
				88AAD51A19D095A900C6F764 /* Foundation.framework in Frameworks */,
			);
			runOnlyForDeploymentPostprocessing = 0;
		};
		88AAD53719D095A900C6F764 /* Frameworks */ = {
			isa = PBXFrameworksBuildPhase;
			buildActionMask = 2147483647;
			files = (
				88AAD53C19D095A900C6F764 /* XCTest.framework in Frameworks */,
				88AAD53E19D095A900C6F764 /* UIKit.framework in Frameworks */,
				88AAD53D19D095A900C6F764 /* Foundation.framework in Frameworks */,
			);
			runOnlyForDeploymentPostprocessing = 0;
		};
/* End PBXFrameworksBuildPhase section */

/* Begin PBXGroup section */
		88AAD50D19D095A800C6F764 = {
			isa = PBXGroup;
			children = (
				88AAD56219D0BEC500C6F764 /* reddit2.png */,
				88AAD51F19D095A900C6F764 /* webAssignment */,
				88AAD54119D095A900C6F764 /* webAssignmentTests */,
				88AAD51819D095A900C6F764 /* Frameworks */,
				88AAD51719D095A900C6F764 /* Products */,
			);
			sourceTree = "<group>";
		};
		88AAD51719D095A900C6F764 /* Products */ = {
			isa = PBXGroup;
			children = (
				88AAD51619D095A900C6F764 /* webAssignment.app */,
				88AAD53A19D095A900C6F764 /* webAssignmentTests.xctest */,
			);
			name = Products;
			sourceTree = "<group>";
		};
		88AAD51819D095A900C6F764 /* Frameworks */ = {
			isa = PBXGroup;
			children = (
				88AAD51919D095A900C6F764 /* Foundation.framework */,
				88AAD51B19D095A900C6F764 /* CoreGraphics.framework */,
				88AAD51D19D095A900C6F764 /* UIKit.framework */,
				88AAD53B19D095A900C6F764 /* XCTest.framework */,
			);
			name = Frameworks;
			sourceTree = "<group>";
		};
		88AAD51F19D095A900C6F764 /* webAssignment */ = {
			isa = PBXGroup;
			children = (
				88AAD52819D095A900C6F764 /* AppDelegate.h */,
				88AAD52919D095A900C6F764 /* AppDelegate.m */,
				88AAD52B19D095A900C6F764 /* Main.storyboard */,
				88AAD55319D09E4D00C6F764 /* nfl-logo.png */,
				88AAD52E19D095A900C6F764 /* FirstViewController.h */,
				88AAD52F19D095A900C6F764 /* FirstViewController.m */,
				88AAD53119D095A900C6F764 /* SecondViewController.h */,
				88AAD53219D095A900C6F764 /* SecondViewController.m */,
				88AAD55D19D0B43200C6F764 /* ThirdViewController.h */,
				88AAD55E19D0B43200C6F764 /* ThirdViewController.m */,
				88AAD55819D0A61F00C6F764 /* TableViewCell.h */,
				88AAD55919D0A61F00C6F764 /* TableViewCell.m */,
				88AAD55A19D0A61F00C6F764 /* TableViewCell.xib */,
				88AAD53419D095A900C6F764 /* Images.xcassets */,
				88AAD52019D095A900C6F764 /* Supporting Files */,
			);
			path = webAssignment;
			sourceTree = "<group>";
		};
		88AAD52019D095A900C6F764 /* Supporting Files */ = {
			isa = PBXGroup;
			children = (
				88AAD52119D095A900C6F764 /* webAssignment-Info.plist */,
				88AAD52219D095A900C6F764 /* InfoPlist.strings */,
				88AAD52519D095A900C6F764 /* main.m */,
				88AAD52719D095A900C6F764 /* webAssignment-Prefix.pch */,
			);
			name = "Supporting Files";
			sourceTree = "<group>";
		};
		88AAD54119D095A900C6F764 /* webAssignmentTests */ = {
			isa = PBXGroup;
			children = (
				88AAD54719D095A900C6F764 /* webAssignmentTests.m */,
				88AAD54219D095A900C6F764 /* Supporting Files */,
			);
			path = webAssignmentTests;
			sourceTree = "<group>";
		};
		88AAD54219D095A900C6F764 /* Supporting Files */ = {
			isa = PBXGroup;
			children = (
				88AAD54319D095A900C6F764 /* webAssignmentTests-Info.plist */,
				88AAD54419D095A900C6F764 /* InfoPlist.strings */,
			);
			name = "Supporting Files";
			sourceTree = "<group>";
		};
/* End PBXGroup section */

/* Begin PBXNativeTarget section */
		88AAD51519D095A800C6F764 /* webAssignment */ = {
			isa = PBXNativeTarget;
			buildConfigurationList = 88AAD54B19D095A900C6F764 /* Build configuration list for PBXNativeTarget "webAssignment" */;
			buildPhases = (
				88AAD51219D095A800C6F764 /* Sources */,
				88AAD51319D095A800C6F764 /* Frameworks */,
				88AAD51419D095A800C6F764 /* Resources */,
			);
			buildRules = (
			);
			dependencies = (
			);
			name = webAssignment;
			productName = webAssignment;
			productReference = 88AAD51619D095A900C6F764 /* webAssignment.app */;
			productType = "com.apple.product-type.application";
		};
		88AAD53919D095A900C6F764 /* webAssignmentTests */ = {
			isa = PBXNativeTarget;
			buildConfigurationList = 88AAD54E19D095A900C6F764 /* Build configuration list for PBXNativeTarget "webAssignmentTests" */;
			buildPhases = (
				88AAD53619D095A900C6F764 /* Sources */,
				88AAD53719D095A900C6F764 /* Frameworks */,
				88AAD53819D095A900C6F764 /* Resources */,
			);
			buildRules = (
			);
			dependencies = (
				88AAD54019D095A900C6F764 /* PBXTargetDependency */,
			);
			name = webAssignmentTests;
			productName = webAssignmentTests;
			productReference = 88AAD53A19D095A900C6F764 /* webAssignmentTests.xctest */;
			productType = "com.apple.product-type.bundle.unit-test";
		};
/* End PBXNativeTarget section */

/* Begin PBXProject section */
		88AAD50E19D095A800C6F764 /* Project object */ = {
			isa = PBXProject;
			attributes = {
				LastUpgradeCheck = 0510;
				ORGANIZATIONNAME = "Jordan Weaver";
				TargetAttributes = {
					88AAD53919D095A900C6F764 = {
						TestTargetID = 88AAD51519D095A800C6F764;
					};
				};
			};
			buildConfigurationList = 88AAD51119D095A800C6F764 /* Build configuration list for PBXProject "webAssignment" */;
			compatibilityVersion = "Xcode 3.2";
			developmentRegion = English;
			hasScannedForEncodings = 0;
			knownRegions = (
				en,
				Base,
			);
			mainGroup = 88AAD50D19D095A800C6F764;
			productRefGroup = 88AAD51719D095A900C6F764 /* Products */;
			projectDirPath = "";
			projectRoot = "";
			targets = (
				88AAD51519D095A800C6F764 /* webAssignment */,
				88AAD53919D095A900C6F764 /* webAssignmentTests */,
			);
		};
/* End PBXProject section */

/* Begin PBXResourcesBuildPhase section */
		88AAD51419D095A800C6F764 /* Resources */ = {
			isa = PBXResourcesBuildPhase;
			buildActionMask = 2147483647;
			files = (
				88AAD53519D095A900C6F764 /* Images.xcassets in Resources */,
				88AAD55C19D0A61F00C6F764 /* TableViewCell.xib in Resources */,
				88AAD56319D0BEC500C6F764 /* reddit2.png in Resources */,
				88AAD55419D09E4D00C6F764 /* nfl-logo.png in Resources */,
				88AAD52419D095A900C6F764 /* InfoPlist.strings in Resources */,
				88AAD52D19D095A900C6F764 /* Main.storyboard in Resources */,
			);
			runOnlyForDeploymentPostprocessing = 0;
		};
		88AAD53819D095A900C6F764 /* Resources */ = {
			isa = PBXResourcesBuildPhase;
			buildActionMask = 2147483647;
			files = (
				88AAD54619D095A900C6F764 /* InfoPlist.strings in Resources */,
			);
			runOnlyForDeploymentPostprocessing = 0;
		};
/* End PBXResourcesBuildPhase section */

/* Begin PBXSourcesBuildPhase section */
		88AAD51219D095A800C6F764 /* Sources */ = {
			isa = PBXSourcesBuildPhase;
			buildActionMask = 2147483647;
			files = (
				88AAD53319D095A900C6F764 /* SecondViewController.m in Sources */,
				88AAD52A19D095A900C6F764 /* AppDelegate.m in Sources */,
				88AAD55F19D0B43200C6F764 /* ThirdViewController.m in Sources */,
				88AAD53019D095A900C6F764 /* FirstViewController.m in Sources */,
				88AAD55B19D0A61F00C6F764 /* TableViewCell.m in Sources */,
				88AAD52619D095A900C6F764 /* main.m in Sources */,
			);
			runOnlyForDeploymentPostprocessing = 0;
		};
		88AAD53619D095A900C6F764 /* Sources */ = {
			isa = PBXSourcesBuildPhase;
			buildActionMask = 2147483647;
			files = (
				88AAD54819D095A900C6F764 /* webAssignmentTests.m in Sources */,
			);
			runOnlyForDeploymentPostprocessing = 0;
		};
/* End PBXSourcesBuildPhase section */

/* Begin PBXTargetDependency section */
		88AAD54019D095A900C6F764 /* PBXTargetDependency */ = {
			isa = PBXTargetDependency;
			target = 88AAD51519D095A800C6F764 /* webAssignment */;
			targetProxy = 88AAD53F19D095A900C6F764 /* PBXContainerItemProxy */;
		};
/* End PBXTargetDependency section */

/* Begin PBXVariantGroup section */
		88AAD52219D095A900C6F764 /* InfoPlist.strings */ = {
			isa = PBXVariantGroup;
			children = (
				88AAD52319D095A900C6F764 /* en */,
			);
			name = InfoPlist.strings;
			sourceTree = "<group>";
		};
		88AAD52B19D095A900C6F764 /* Main.storyboard */ = {
			isa = PBXVariantGroup;
			children = (
				88AAD52C19D095A900C6F764 /* Base */,
			);
			name = Main.storyboard;
			sourceTree = "<group>";
		};
		88AAD54419D095A900C6F764 /* InfoPlist.strings */ = {
			isa = PBXVariantGroup;
			children = (
				88AAD54519D095A900C6F764 /* en */,
			);
			name = InfoPlist.strings;
			sourceTree = "<group>";
		};
/* End PBXVariantGroup section */

/* Begin XCBuildConfiguration section */
		88AAD54919D095A900C6F764 /* Debug */ = {
			isa = XCBuildConfiguration;
			buildSettings = {
				ALWAYS_SEARCH_USER_PATHS = NO;
				CLANG_CXX_LANGUAGE_STANDARD = "gnu++0x";
				CLANG_CXX_LIBRARY = "libc++";
				CLANG_ENABLE_MODULES = YES;
				CLANG_ENABLE_OBJC_ARC = YES;
				CLANG_WARN_BOOL_CONVERSION = YES;
				CLANG_WARN_CONSTANT_CONVERSION = YES;
				CLANG_WARN_DIRECT_OBJC_ISA_USAGE = YES_ERROR;
				CLANG_WARN_EMPTY_BODY = YES;
				CLANG_WARN_ENUM_CONVERSION = YES;
				CLANG_WARN_INT_CONVERSION = YES;
				CLANG_WARN_OBJC_ROOT_CLASS = YES_ERROR;
				CLANG_WARN__DUPLICATE_METHOD_MATCH = YES;
				"CODE_SIGN_IDENTITY[sdk=iphoneos*]" = "iPhone Developer";
				COPY_PHASE_STRIP = NO;
				GCC_C_LANGUAGE_STANDARD = gnu99;
				GCC_DYNAMIC_NO_PIC = NO;
				GCC_OPTIMIZATION_LEVEL = 0;
				GCC_PREPROCESSOR_DEFINITIONS = (
					"DEBUG=1",
					"$(inherited)",
				);
				GCC_SYMBOLS_PRIVATE_EXTERN = NO;
				GCC_WARN_64_TO_32_BIT_CONVERSION = YES;
				GCC_WARN_ABOUT_RETURN_TYPE = YES_ERROR;
				GCC_WARN_UNDECLARED_SELECTOR = YES;
				GCC_WARN_UNINITIALIZED_AUTOS = YES_AGGRESSIVE;
				GCC_WARN_UNUSED_FUNCTION = YES;
				GCC_WARN_UNUSED_VARIABLE = YES;
				IPHONEOS_DEPLOYMENT_TARGET = 7.1;
				ONLY_ACTIVE_ARCH = YES;
				SDKROOT = iphoneos;
			};
			name = Debug;
		};
		88AAD54A19D095A900C6F764 /* Release */ = {
			isa = XCBuildConfiguration;
			buildSettings = {
				ALWAYS_SEARCH_USER_PATHS = NO;
				CLANG_CXX_LANGUAGE_STANDARD = "gnu++0x";
				CLANG_CXX_LIBRARY = "libc++";
				CLANG_ENABLE_MODULES = YES;
				CLANG_ENABLE_OBJC_ARC = YES;
				CLANG_WARN_BOOL_CONVERSION = YES;
				CLANG_WARN_CONSTANT_CONVERSION = YES;
				CLANG_WARN_DIRECT_OBJC_ISA_USAGE = YES_ERROR;
				CLANG_WARN_EMPTY_BODY = YES;
				CLANG_WARN_ENUM_CONVERSION = YES;
				CLANG_WARN_INT_CONVERSION = YES;
				CLANG_WARN_OBJC_ROOT_CLASS = YES_ERROR;
				CLANG_WARN__DUPLICATE_METHOD_MATCH = YES;
				"CODE_SIGN_IDENTITY[sdk=iphoneos*]" = "iPhone Developer";
				COPY_PHASE_STRIP = YES;
				ENABLE_NS_ASSERTIONS = NO;
				GCC_C_LANGUAGE_STANDARD = gnu99;
				GCC_WARN_64_TO_32_BIT_CONVERSION = YES;
				GCC_WARN_ABOUT_RETURN_TYPE = YES_ERROR;
				GCC_WARN_UNDECLARED_SELECTOR = YES;
				GCC_WARN_UNINITIALIZED_AUTOS = YES_AGGRESSIVE;
				GCC_WARN_UNUSED_FUNCTION = YES;
				GCC_WARN_UNUSED_VARIABLE = YES;
				IPHONEOS_DEPLOYMENT_TARGET = 7.1;
				SDKROOT = iphoneos;
				VALIDATE_PRODUCT = YES;
			};
			name = Release;
		};
		88AAD54C19D095A900C6F764 /* Debug */ = {
			isa = XCBuildConfiguration;
			buildSettings = {
				ASSETCATALOG_COMPILER_APPICON_NAME = AppIcon;
				ASSETCATALOG_COMPILER_LAUNCHIMAGE_NAME = LaunchImage;
				GCC_PRECOMPILE_PREFIX_HEADER = YES;
				GCC_PREFIX_HEADER = "webAssignment/webAssignment-Prefix.pch";
				INFOPLIST_FILE = "webAssignment/webAssignment-Info.plist";
				PRODUCT_NAME = "$(TARGET_NAME)";
				WRAPPER_EXTENSION = app;
			};
			name = Debug;
		};
		88AAD54D19D095A900C6F764 /* Release */ = {
			isa = XCBuildConfiguration;
			buildSettings = {
				ASSETCATALOG_COMPILER_APPICON_NAME = AppIcon;
				ASSETCATALOG_COMPILER_LAUNCHIMAGE_NAME = LaunchImage;
				GCC_PRECOMPILE_PREFIX_HEADER = YES;
				GCC_PREFIX_HEADER = "webAssignment/webAssignment-Prefix.pch";
				INFOPLIST_FILE = "webAssignment/webAssignment-Info.plist";
				PRODUCT_NAME = "$(TARGET_NAME)";
				WRAPPER_EXTENSION = app;
			};
			name = Release;
		};
		88AAD54F19D095A900C6F764 /* Debug */ = {
			isa = XCBuildConfiguration;
			buildSettings = {
				BUNDLE_LOADER = "$(BUILT_PRODUCTS_DIR)/webAssignment.app/webAssignment";
				FRAMEWORK_SEARCH_PATHS = (
					"$(SDKROOT)/Developer/Library/Frameworks",
					"$(inherited)",
					"$(DEVELOPER_FRAMEWORKS_DIR)",
				);
				GCC_PRECOMPILE_PREFIX_HEADER = YES;
				GCC_PREFIX_HEADER = "webAssignment/webAssignment-Prefix.pch";
				GCC_PREPROCESSOR_DEFINITIONS = (
					"DEBUG=1",
					"$(inherited)",
				);
				INFOPLIST_FILE = "webAssignmentTests/webAssignmentTests-Info.plist";
				PRODUCT_NAME = "$(TARGET_NAME)";
				TEST_HOST = "$(BUNDLE_LOADER)";
				WRAPPER_EXTENSION = xctest;
			};
			name = Debug;
		};
		88AAD55019D095A900C6F764 /* Release */ = {
			isa = XCBuildConfiguration;
			buildSettings = {
				BUNDLE_LOADER = "$(BUILT_PRODUCTS_DIR)/webAssignment.app/webAssignment";
				FRAMEWORK_SEARCH_PATHS = (
					"$(SDKROOT)/Developer/Library/Frameworks",
					"$(inherited)",
					"$(DEVELOPER_FRAMEWORKS_DIR)",
				);
				GCC_PRECOMPILE_PREFIX_HEADER = YES;
				GCC_PREFIX_HEADER = "webAssignment/webAssignment-Prefix.pch";
				INFOPLIST_FILE = "webAssignmentTests/webAssignmentTests-Info.plist";
				PRODUCT_NAME = "$(TARGET_NAME)";
				TEST_HOST = "$(BUNDLE_LOADER)";
				WRAPPER_EXTENSION = xctest;
			};
			name = Release;
		};
/* End XCBuildConfiguration section */

/* Begin XCConfigurationList section */
		88AAD51119D095A800C6F764 /* Build configuration list for PBXProject "webAssignment" */ = {
			isa = XCConfigurationList;
			buildConfigurations = (
				88AAD54919D095A900C6F764 /* Debug */,
				88AAD54A19D095A900C6F764 /* Release */,
			);
			defaultConfigurationIsVisible = 0;
			defaultConfigurationName = Release;
		};
		88AAD54B19D095A900C6F764 /* Build configuration list for PBXNativeTarget "webAssignment" */ = {
			isa = XCConfigurationList;
			buildConfigurations = (
				88AAD54C19D095A900C6F764 /* Debug */,
				88AAD54D19D095A900C6F764 /* Release */,
			);
			defaultConfigurationIsVisible = 0;
		};
		88AAD54E19D095A900C6F764 /* Build configuration list for PBXNativeTarget "webAssignmentTests" */ = {
			isa = XCConfigurationList;
			buildConfigurations = (
				88AAD54F19D095A900C6F764 /* Debug */,
				88AAD55019D095A900C6F764 /* Release */,
			);
			defaultConfigurationIsVisible = 0;
		};
/* End XCConfigurationList section */
	};
	rootObject = 88AAD50E19D095A800C6F764 /* Project object */;
}
